PODS:
  - ISO8601DateFormatterValueTransformer (0.6.1):
    - RKValueTransformers (~> 1.1.0)
  - MRTableViewCellCountScrollIndicator (0.0.1)
  - RestKit (0.27.0):
    - RestKit/Core (= 0.27.0)
  - RestKit/Core (0.27.0):
    - RestKit/CoreData
    - RestKit/Network
    - RestKit/ObjectMapping
  - RestKit/CoreData (0.27.0):
    - RestKit/ObjectMapping
  - RestKit/Network (0.27.0):
    - RestKit/ObjectMapping
    - RestKit/Support
    - SOCKit
  - RestKit/ObjectMapping (0.27.0):
    - ISO8601DateFormatterValueTransformer (~> 0.6.1)
    - RestKit/Support
    - RKValueTransformers (~> 1.1.0)
  - RestKit/Support (0.27.0):
    - TransitionKit (~> 2.2)
  - RKValueTransformers (1.1.3)
  - SOCKit (1.1)
  - TransitionKit (2.2.1)

DEPENDENCIES:
  - MRTableViewCellCountScrollIndicator (from `../`)
  - RestKit (~> 0.27.0)

EXTERNAL SOURCES:
  MRTableViewCellCountScrollIndicator:
    :path: ../

SPEC CHECKSUMS:
  ISO8601DateFormatterValueTransformer: 52da467d6ec899d6aedda8e48280ac92e8ee97e6
  MRTableViewCellCountScrollIndicator: f029686251d5a60133e48f3e8efec8a2cd93c9db
  RestKit: a0244db34e14ed9cf059fcee2be6733cc162c34a
  RKValueTransformers: e5ed67e3811229b616fe01bddeeafe3bb337b1b9
  SOCKit: c7376ac262bea9115b8f749358f762522a47d392
  TransitionKit: 9ceccda4cd0cdc0a05ef85eb235e5a3292c3c250

PODFILE CHECKSUM: 126e49e82301d6df89c8ceab8628a34b08e53dda

COCOAPODS: 1.0.1
